# This file is automatically @generated by Cargo.
# It is not intended for manual editing.
version = 4

[[package]]
name = "aarch64_hal"
version = "0.1.0"
dependencies = [
 "aarch64_test",
 "cpu",
 "mutex",
 "paging",
 "pl011",
]

[[package]]
name = "aarch64_test"
version = "0.1.0"

[[package]]
name = "allocator"
version = "0.1.0"
dependencies = [
 "intrusive_linked_list",
 "mutex",
]

[[package]]
name = "arch_hal"
version = "0.1.0"
dependencies = [
 "aarch64_hal",
]

[[package]]
name = "block-device"
version = "0.1.0"
dependencies = [
 "arch_hal",
 "block-device-api",
 "mutex",
 "typestate",
 "typestate_macro",
 "virtio",
]

[[package]]
name = "block-device-api"
version = "0.1.0"

[[package]]
name = "cpu"
version = "0.1.0"

[[package]]
name = "dtb"
version = "0.1.0"

[[package]]
name = "elf"
version = "0.1.0"
dependencies = [
 "typestate",
 "typestate_macro",
]

[[package]]
name = "elf-hypervisor"
version = "0.1.0"
dependencies = [
 "allocator",
 "arch_hal",
 "dtb",
 "elf",
 "file",
 "typestate",
]

[[package]]
name = "file"
version = "0.1.0"
dependencies = [
 "allocator",
 "arch_hal",
 "block-device",
 "block-device-api",
 "filesystem",
]

[[package]]
name = "filesystem"
version = "0.1.0"
dependencies = [
 "allocator",
 "block-device-api",
 "mutex",
 "typestate",
 "typestate_macro",
]

[[package]]
name = "intrusive_linked_list"
version = "0.1.0"

[[package]]
name = "mutex"
version = "0.1.0"

[[package]]
name = "paging"
version = "0.1.0"
dependencies = [
 "allocator",
 "typestate",
 "typestate_macro",
]

[[package]]
name = "pl011"
version = "0.1.0"
dependencies = [
 "typestate",
 "typestate_macro",
]

[[package]]
name = "proc-macro2"
version = "1.0.101"
source = "registry+https://github.com/rust-lang/crates.io-index"
checksum = "89ae43fd86e4158d6db51ad8e2b80f313af9cc74f5c0e03ccb87de09998732de"
dependencies = [
 "unicode-ident",
]

[[package]]
name = "quote"
version = "1.0.40"
source = "registry+https://github.com/rust-lang/crates.io-index"
checksum = "1885c039570dc00dcb4ff087a89e185fd56bae234ddc7f056a945bf36467248d"
dependencies = [
 "proc-macro2",
]

[[package]]
name = "syn"
version = "2.0.106"
source = "registry+https://github.com/rust-lang/crates.io-index"
checksum = "ede7c438028d4436d71104916910f5bb611972c5cfd7f89b8300a8186e6fada6"
dependencies = [
 "proc-macro2",
 "quote",
 "unicode-ident",
]

[[package]]
name = "typestate"
version = "0.1.0"
dependencies = [
 "typestate_macro",
]

[[package]]
name = "typestate_macro"
version = "0.1.0"
dependencies = [
 "proc-macro2",
 "quote",
 "syn",
]

[[package]]
name = "unicode-ident"
version = "1.0.18"
source = "registry+https://github.com/rust-lang/crates.io-index"
checksum = "5a5f39404a5da50712a4c1eecf25e90dd62b613502b7e925fd4e4d19b5c96512"

[[package]]
name = "virtio"
version = "0.1.0"
dependencies = [
 "allocator",
 "intrusive_linked_list",
 "mutex",
 "typestate",
 "typestate_macro",
]

[[package]]
name = "xtask"
version = "0.1.0"
