# This file is automatically @generated by Cargo.
# It is not intended for manual editing.
version = 4

[[package]]
name = "aarch64_test"
version = "0.1.0"

[[package]]
name = "allocator"
version = "0.1.0"
dependencies = [
 "intrusive_linked_list",
 "mutex",
]

[[package]]
name = "block-device"
version = "0.1.0"
dependencies = [
 "aarch64_test",
 "block-device-api",
 "mutex",
 "typestate",
 "typestate_macro",
 "virtio",
]

[[package]]
name = "block-device-api"
version = "0.1.0"

[[package]]
name = "byteorder"
version = "1.5.0"
source = "registry+https://github.com/rust-lang/crates.io-index"
checksum = "1fd0f2584146f6f2ef48085050886acf353beff7305ebd1ae69500e27c67f64b"

[[package]]
name = "dtb"
version = "0.1.0"

[[package]]
name = "elf"
version = "0.1.0"
dependencies = [
 "typestate",
 "typestate_macro",
]

[[package]]
name = "elf-hypervisor"
version = "0.1.0"
dependencies = [
 "allocator",
 "dtb",
 "elf",
 "file",
 "heapless",
 "tock-registers",
 "typestate",
]

[[package]]
name = "file"
version = "0.1.0"
dependencies = [
 "aarch64_test",
 "allocator",
 "block-device",
 "block-device-api",
 "filesystem",
]

[[package]]
name = "filesystem"
version = "0.1.0"
dependencies = [
 "allocator",
 "block-device-api",
 "mutex",
 "typestate",
 "typestate_macro",
]

[[package]]
name = "hash32"
version = "0.3.1"
source = "registry+https://github.com/rust-lang/crates.io-index"
checksum = "47d60b12902ba28e2730cd37e95b8c9223af2808df9e902d4df49588d1470606"
dependencies = [
 "byteorder",
]

[[package]]
name = "heapless"
version = "0.8.0"
source = "registry+https://github.com/rust-lang/crates.io-index"
checksum = "0bfb9eb618601c89945a70e254898da93b13be0388091d42117462b265bb3fad"
dependencies = [
 "hash32",
 "stable_deref_trait",
]

[[package]]
name = "intrusive_linked_list"
version = "0.1.0"

[[package]]
name = "mutex"
version = "0.1.0"

[[package]]
name = "proc-macro2"
version = "1.0.101"
source = "registry+https://github.com/rust-lang/crates.io-index"
checksum = "89ae43fd86e4158d6db51ad8e2b80f313af9cc74f5c0e03ccb87de09998732de"
dependencies = [
 "unicode-ident",
]

[[package]]
name = "quote"
version = "1.0.40"
source = "registry+https://github.com/rust-lang/crates.io-index"
checksum = "1885c039570dc00dcb4ff087a89e185fd56bae234ddc7f056a945bf36467248d"
dependencies = [
 "proc-macro2",
]

[[package]]
name = "stable_deref_trait"
version = "1.2.0"
source = "registry+https://github.com/rust-lang/crates.io-index"
checksum = "a8f112729512f8e442d81f95a8a7ddf2b7c6b8a1a6f509a95864142b30cab2d3"

[[package]]
name = "syn"
version = "2.0.106"
source = "registry+https://github.com/rust-lang/crates.io-index"
checksum = "ede7c438028d4436d71104916910f5bb611972c5cfd7f89b8300a8186e6fada6"
dependencies = [
 "proc-macro2",
 "quote",
 "unicode-ident",
]

[[package]]
name = "tock-registers"
version = "0.10.0"
source = "registry+https://github.com/rust-lang/crates.io-index"
checksum = "b0293f99756f16ff352cc78c99673766a305bdb5ed7652e78df649e9967c885a"

[[package]]
name = "typestate"
version = "0.1.0"

[[package]]
name = "typestate_macro"
version = "0.1.0"
dependencies = [
 "proc-macro2",
 "quote",
 "syn",
]

[[package]]
name = "unicode-ident"
version = "1.0.18"
source = "registry+https://github.com/rust-lang/crates.io-index"
checksum = "5a5f39404a5da50712a4c1eecf25e90dd62b613502b7e925fd4e4d19b5c96512"

[[package]]
name = "virtio"
version = "0.1.0"
dependencies = [
 "allocator",
 "intrusive_linked_list",
 "mutex",
 "typestate",
 "typestate_macro",
]

[[package]]
name = "xtask"
version = "0.1.0"
